
Microsoft Visual Studio Solution File, Format Version 12.00
# Visual Studio Version 16
VisualStudioVersion = 16.0.30804.86
MinimumVisualStudioVersion = 10.0.40219.1
Project("{FAE04EC0-301F-11D3-BF4B-00C04F79EFBC}") = "Assignment01", "Assignment01\Assignment01.csproj", "{ED93ECE4-0D06-4473-9814-C4995F26D6DD}"
EndProject
Global
	GlobalSection(SolutionConfigurationPlatforms) = preSolution
		Debug|Any CPU = Debug|Any CPU
		Release|Any CPU = Release|Any CPU
	EndGlobalSection
	GlobalSection(ProjectConfigurationPlatforms) = postSolution
		{ED93ECE4-0D06-4473-9814-C4995F26D6DD}.Debug|Any CPU.ActiveCfg = Debug|Any CPU
		{ED93ECE4-0D06-4473-9814-C4995F26D6DD}.Debug|Any CPU.Build.0 = Debug|Any CPU
		{ED93ECE4-0D06-4473-9814-C4995F26D6DD}.Release|Any CPU.ActiveCfg = Release|Any CPU
		{ED93ECE4-0D06-4473-9814-C4995F26D6DD}.Release|Any CPU.Build.0 = Release|Any CPU
	EndGlobalSection
	GlobalSection(SolutionProperties) = preSolution
		HideSolutionNode = FALSE
	EndGlobalSection
	GlobalSection(ExtensibilityGlobals) = postSolution
		SolutionGuid = {342E0892-CE7B-4822-AD2F-BDCFFE55913E}
	EndGlobalSection
EndGlobal
